// !$*UTF8*$!
{
	archiveVersion = 1;
	classes = {
	};
	objectVersion = 55;
	objects = {

/* Begin PBXBuildFile section */
		3B0C969B284D99800018388B /* Quiz.swift in Sources */ = {isa = PBXBuildFile; fileRef = 3B0C969A284D997F0018388B /* Quiz.swift */; };
		3B0C969D284D9C4C0018388B /* QuizManager.swift in Sources */ = {isa = PBXBuildFile; fileRef = 3B0C969C284D9C4C0018388B /* QuizManager.swift */; };
		3B95E2D0283B33BC00C62BF1 /* QuizCard.swift in Sources */ = {isa = PBXBuildFile; fileRef = 3B95E2CF283B33BC00C62BF1 /* QuizCard.swift */; };
		3BA00AFF2831F8EB00A4EC2F /* QuizViewController.swift in Sources */ = {isa = PBXBuildFile; fileRef = 3BA00AFE2831F8EB00A4EC2F /* QuizViewController.swift */; };
		3BE705C8280D019A003B1C6B /* AppDelegate.swift in Sources */ = {isa = PBXBuildFile; fileRef = 3BE705C7280D019A003B1C6B /* AppDelegate.swift */; };
		3BE705CA280D019A003B1C6B /* SceneDelegate.swift in Sources */ = {isa = PBXBuildFile; fileRef = 3BE705C9280D019A003B1C6B /* SceneDelegate.swift */; };
		3BE705CC280D019A003B1C6B /* ViewController.swift in Sources */ = {isa = PBXBuildFile; fileRef = 3BE705CB280D019A003B1C6B /* ViewController.swift */; };
		3BE705CF280D019A003B1C6B /* Main.storyboard in Resources */ = {isa = PBXBuildFile; fileRef = 3BE705CD280D019A003B1C6B /* Main.storyboard */; };
		3BE705D1280D019B003B1C6B /* Assets.xcassets in Resources */ = {isa = PBXBuildFile; fileRef = 3BE705D0280D019B003B1C6B /* Assets.xcassets */; };
		3BE705D4280D019B003B1C6B /* LaunchScreen.storyboard in Resources */ = {isa = PBXBuildFile; fileRef = 3BE705D2280D019B003B1C6B /* LaunchScreen.storyboard */; };
/* End PBXBuildFile section */

/* Begin PBXFileReference section */
		3B0C969A284D997F0018388B /* Quiz.swift */ = {isa = PBXFileReference; lastKnownFileType = sourcecode.swift; path = Quiz.swift; sourceTree = "<group>"; };
		3B0C969C284D9C4C0018388B /* QuizManager.swift */ = {isa = PBXFileReference; lastKnownFileType = sourcecode.swift; path = QuizManager.swift; sourceTree = "<group>"; };
		3B95E2CF283B33BC00C62BF1 /* QuizCard.swift */ = {isa = PBXFileReference; lastKnownFileType = sourcecode.swift; path = QuizCard.swift; sourceTree = "<group>"; };
		3BA00AFE2831F8EB00A4EC2F /* QuizViewController.swift */ = {isa = PBXFileReference; lastKnownFileType = sourcecode.swift; path = QuizViewController.swift; sourceTree = "<group>"; };
		3BE705C4280D019A003B1C6B /* Quiz.app */ = {isa = PBXFileReference; explicitFileType = wrapper.application; includeInIndex = 0; path = Quiz.app; sourceTree = BUILT_PRODUCTS_DIR; };
		3BE705C7280D019A003B1C6B /* AppDelegate.swift */ = {isa = PBXFileReference; lastKnownFileType = sourcecode.swift; path = AppDelegate.swift; sourceTree = "<group>"; };
		3BE705C9280D019A003B1C6B /* SceneDelegate.swift */ = {isa = PBXFileReference; lastKnownFileType = sourcecode.swift; path = SceneDelegate.swift; sourceTree = "<group>"; };
		3BE705CB280D019A003B1C6B /* ViewController.swift */ = {isa = PBXFileReference; lastKnownFileType = sourcecode.swift; path = ViewController.swift; sourceTree = "<group>"; };
		3BE705CE280D019A003B1C6B /* Base */ = {isa = PBXFileReference; lastKnownFileType = file.storyboard; name = Base; path = Base.lproj/Main.storyboard; sourceTree = "<group>"; };
		3BE705D0280D019B003B1C6B /* Assets.xcassets */ = {isa = PBXFileReference; lastKnownFileType = folder.assetcatalog; path = Assets.xcassets; sourceTree = "<group>"; };
		3BE705D3280D019B003B1C6B /* Base */ = {isa = PBXFileReference; lastKnownFileType = file.storyboard; name = Base; path = Base.lproj/LaunchScreen.storyboard; sourceTree = "<group>"; };
		3BE705D5280D019B003B1C6B /* Info.plist */ = {isa = PBXFileReference; lastKnownFileType = text.plist.xml; path = Info.plist; sourceTree = "<group>"; };
/* End PBXFileReference section */

/* Begin PBXFrameworksBuildPhase section */
		3BE705C1280D019A003B1C6B /* Frameworks */ = {
			isa = PBXFrameworksBuildPhase;
			buildActionMask = 2147483647;
			files = (
			);
			runOnlyForDeploymentPostprocessing = 0;
		};
/* End PBXFrameworksBuildPhase section */

/* Begin PBXGroup section */
		3BE705BB280D019A003B1C6B = {
			isa = PBXGroup;
			children = (
				3BE705C6280D019A003B1C6B /* Quiz */,
				3BE705C5280D019A003B1C6B /* Products */,
			);
			sourceTree = "<group>";
		};
		3BE705C5280D019A003B1C6B /* Products */ = {
			isa = PBXGroup;
			children = (
				3BE705C4280D019A003B1C6B /* Quiz.app */,
			);
			name = Products;
			sourceTree = "<group>";
		};
		3BE705C6280D019A003B1C6B /* Quiz */ = {
			isa = PBXGroup;
			children = (
				3BE705C7280D019A003B1C6B /* AppDelegate.swift */,
				3BE705C9280D019A003B1C6B /* SceneDelegate.swift */,
				3BE705CB280D019A003B1C6B /* ViewController.swift */,
				3BA00AFE2831F8EB00A4EC2F /* QuizViewController.swift */,
				3B95E2CF283B33BC00C62BF1 /* QuizCard.swift */,
				3B0C969A284D997F0018388B /* Quiz.swift */,
				3B0C969C284D9C4C0018388B /* QuizManager.swift */,
				3BE705CD280D019A003B1C6B /* Main.storyboard */,
				3BE705D0280D019B003B1C6B /* Assets.xcassets */,
				3BE705D2280D019B003B1C6B /* LaunchScreen.storyboard */,
				3BE705D5280D019B003B1C6B /* Info.plist */,
			);
			path = Quiz;
			sourceTree = "<group>";
		};
/* End PBXGroup section */

/* Begin PBXNativeTarget section */
		3BE705C3280D019A003B1C6B /* Quiz */ = {
			isa = PBXNativeTarget;
			buildConfigurationList = 3BE705D8280D019B003B1C6B /* Build configuration list for PBXNativeTarget "Quiz" */;
			buildPhases = (
				3BE705C0280D019A003B1C6B /* Sources */,
				3BE705C1280D019A003B1C6B /* Frameworks */,
				3BE705C2280D019A003B1C6B /* Resources */,
			);
			buildRules = (
			);
			dependencies = (
			);
			name = Quiz;
			productName = Quiz;
			productReference = 3BE705C4280D019A003B1C6B /* Quiz.app */;
			productType = "com.apple.product-type.application";
		};
/* End PBXNativeTarget section */

/* Begin PBXProject section */
		3BE705BC280D019A003B1C6B /* Project object */ = {
			isa = PBXProject;
			attributes = {
				BuildIndependentTargetsInParallel = 1;
				LastSwiftUpdateCheck = 1320;
				LastUpgradeCheck = 1320;
				TargetAttributes = {
					3BE705C3280D019A003B1C6B = {
						CreatedOnToolsVersion = 13.2.1;
					};
				};
			};
			buildConfigurationList = 3BE705BF280D019A003B1C6B /* Build configuration list for PBXProject "Quiz" */;
			compatibilityVersion = "Xcode 13.0";
			developmentRegion = en;
			hasScannedForEncodings = 0;
			knownRegions = (
				en,
				Base,
			);
			mainGroup = 3BE705BB280D019A003B1C6B;
			productRefGroup = 3BE705C5280D019A003B1C6B /* Products */;
			projectDirPath = "";
			projectRoot = "";
			targets = (
				3BE705C3280D019A003B1C6B /* Quiz */,
			);
		};
/* End PBXProject section */

/* Begin PBXResourcesBuildPhase section */
		3BE705C2280D019A003B1C6B /* Resources */ = {
			isa = PBXResourcesBuildPhase;
			buildActionMask = 2147483647;
			files = (
				3BE705D4280D019B003B1C6B /* LaunchScreen.storyboard in Resources */,
				3BE705D1280D019B003B1C6B /* Assets.xcassets in Resources */,
				3BE705CF280D019A003B1C6B /* Main.storyboard in Resources */,
			);
			runOnlyForDeploymentPostprocessing = 0;
		};
/* End PBXResourcesBuildPhase section */

/* Begin PBXSourcesBuildPhase section */
		3BE705C0280D019A003B1C6B /* Sources */ = {
			isa = PBXSourcesBuildPhase;
			buildActionMask = 2147483647;
			files = (
				3BE705CC280D019A003B1C6B /* ViewController.swift in Sources */,
				3BE705C8280D019A003B1C6B /* AppDelegate.swift in Sources */,
				3B0C969B284D99800018388B /* Quiz.swift in Sources */,
				3B0C969D284D9C4C0018388B /* QuizManager.swift in Sources */,
				3BE705CA280D019A003B1C6B /* SceneDelegate.swift in Sources */,
				3B95E2D0283B33BC00C62BF1 /* QuizCard.swift in Sources */,
				3BA00AFF2831F8EB00A4EC2F /* QuizViewController.swift in Sources */,
			);
			runOnlyForDeploymentPostprocessing = 0;
		};
/* End PBXSourcesBuildPhase section */

/* Begin PBXVariantGroup section */
		3BE705CD280D019A003B1C6B /* Main.storyboard */ = {
			isa = PBXVariantGroup;
			children = (
				3BE705CE280D019A003B1C6B /* Base */,
			);
			name = Main.storyboard;
			sourceTree = "<group>";
		};
		3BE705D2280D019B003B1C6B /* LaunchScreen.storyboard */ = {
			isa = PBXVariantGroup;
			children = (
				3BE705D3280D019B003B1C6B /* Base */,
			);
			name = LaunchScreen.storyboard;
			sourceTree = "<group>";
		};
/* End PBXVariantGroup section */

/* Begin XCBuildConfiguration section */
		3BE705D6280D019B003B1C6B /* Debug */ = {
			isa = XCBuildConfiguration;
			buildSettings = {
				ALWAYS_SEARCH_USER_PATHS = NO;
				CLANG_ANALYZER_NONNULL = YES;
				CLANG_ANALYZER_NUMBER_OBJECT_CONVERSION = YES_AGGRESSIVE;
				CLANG_CXX_LANGUAGE_STANDARD = "gnu++17";
				CLANG_CXX_LIBRARY = "libc++";
				CLANG_ENABLE_MODULES = YES;
				CLANG_ENABLE_OBJC_ARC = YES;
				CLANG_ENABLE_OBJC_WEAK = YES;
				CLANG_WARN_BLOCK_CAPTURE_AUTORELEASING = YES;
				CLANG_WARN_BOOL_CONVERSION = YES;
				CLANG_WARN_COMMA = YES;
				CLANG_WARN_CONSTANT_CONVERSION = YES;
				CLANG_WARN_DEPRECATED_OBJC_IMPLEMENTATIONS = YES;
				CLANG_WARN_DIRECT_OBJC_ISA_USAGE = YES_ERROR;
				CLANG_WARN_DOCUMENTATION_COMMENTS = YES;
				CLANG_WARN_EMPTY_BODY = YES;
				CLANG_WARN_ENUM_CONVERSION = YES;
				CLANG_WARN_INFINITE_RECURSION = YES;
				CLANG_WARN_INT_CONVERSION = YES;
				CLANG_WARN_NON_LITERAL_NULL_CONVERSION = YES;
				CLANG_WARN_OBJC_IMPLICIT_RETAIN_SELF = YES;
				CLANG_WARN_OBJC_LITERAL_CONVERSION = YES;
				CLANG_WARN_OBJC_ROOT_CLASS = YES_ERROR;
				CLANG_WARN_QUOTED_INCLUDE_IN_FRAMEWORK_HEADER = YES;
				CLANG_WARN_RANGE_LOOP_ANALYSIS = YES;
				CLANG_WARN_STRICT_PROTOTYPES = YES;
				CLANG_WARN_SUSPICIOUS_MOVE = YES;
				CLANG_WARN_UNGUARDED_AVAILABILITY = YES_AGGRESSIVE;
				CLANG_WARN_UNREACHABLE_CODE = YES;
				CLANG_WARN__DUPLICATE_METHOD_MATCH = YES;
				COPY_PHASE_STRIP = NO;
				DEBUG_INFORMATION_FORMAT = dwarf;
				ENABLE_STRICT_OBJC_MSGSEND = YES;
				ENABLE_TESTABILITY = YES;
				GCC_C_LANGUAGE_STANDARD = gnu11;
				GCC_DYNAMIC_NO_PIC = NO;
				GCC_NO_COMMON_BLOCKS = YES;
				GCC_OPTIMIZATION_LEVEL = 0;
				GCC_PREPROCESSOR_DEFINITIONS = (
					"DEBUG=1",
					"$(inherited)",
				);
				GCC_WARN_64_TO_32_BIT_CONVERSION = YES;
				GCC_WARN_ABOUT_RETURN_TYPE = YES_ERROR;
				GCC_WARN_UNDECLARED_SELECTOR = YES;
				GCC_WARN_UNINITIALIZED_AUTOS = YES_AGGRESSIVE;
				GCC_WARN_UNUSED_FUNCTION = YES;
				GCC_WARN_UNUSED_VARIABLE = YES;
				IPHONEOS_DEPLOYMENT_TARGET = 15.2;
				MTL_ENABLE_DEBUG_INFO = INCLUDE_SOURCE;
				MTL_FAST_MATH = YES;
				ONLY_ACTIVE_ARCH = YES;
				SDKROOT = iphoneos;
				SWIFT_ACTIVE_COMPILATION_CONDITIONS = DEBUG;
				SWIFT_OPTIMIZATION_LEVEL = "-Onone";
			};
			name = Debug;
		};
		3BE705D7280D019B003B1C6B /* Release */ = {
			isa = XCBuildConfiguration;
			buildSettings = {
				ALWAYS_SEARCH_USER_PATHS = NO;
				CLANG_ANALYZER_NONNULL = YES;
				CLANG_ANALYZER_NUMBER_OBJECT_CONVERSION = YES_AGGRESSIVE;
				CLANG_CXX_LANGUAGE_STANDARD = "gnu++17";
				CLANG_CXX_LIBRARY = "libc++";
				CLANG_ENABLE_MODULES = YES;
				CLANG_ENABLE_OBJC_ARC = YES;
				CLANG_ENABLE_OBJC_WEAK = YES;
				CLANG_WARN_BLOCK_CAPTURE_AUTORELEASING = YES;
				CLANG_WARN_BOOL_CONVERSION = YES;
				CLANG_WARN_COMMA = YES;
				CLANG_WARN_CONSTANT_CONVERSION = YES;
				CLANG_WARN_DEPRECATED_OBJC_IMPLEMENTATIONS = YES;
				CLANG_WARN_DIRECT_OBJC_ISA_USAGE = YES_ERROR;
				CLANG_WARN_DOCUMENTATION_COMMENTS = YES;
				CLANG_WARN_EMPTY_BODY = YES;
				CLANG_WARN_ENUM_CONVERSION = YES;
				CLANG_WARN_INFINITE_RECURSION = YES;
				CLANG_WARN_INT_CONVERSION = YES;
				CLANG_WARN_NON_LITERAL_NULL_CONVERSION = YES;
				CLANG_WARN_OBJC_IMPLICIT_RETAIN_SELF = YES;
				CLANG_WARN_OBJC_LITERAL_CONVERSION = YES;
				CLANG_WARN_OBJC_ROOT_CLASS = YES_ERROR;
				CLANG_WARN_QUOTED_INCLUDE_IN_FRAMEWORK_HEADER = YES;
				CLANG_WARN_RANGE_LOOP_ANALYSIS = YES;
				CLANG_WARN_STRICT_PROTOTYPES = YES;
				CLANG_WARN_SUSPICIOUS_MOVE = YES;
				CLANG_WARN_UNGUARDED_AVAILABILITY = YES_AGGRESSIVE;
				CLANG_WARN_UNREACHABLE_CODE = YES;
				CLANG_WARN__DUPLICATE_METHOD_MATCH = YES;
				COPY_PHASE_STRIP = NO;
				DEBUG_INFORMATION_FORMAT = "dwarf-with-dsym";
				ENABLE_NS_ASSERTIONS = NO;
				ENABLE_STRICT_OBJC_MSGSEND = YES;
				GCC_C_LANGUAGE_STANDARD = gnu11;
				GCC_NO_COMMON_BLOCKS = YES;
				GCC_WARN_64_TO_32_BIT_CONVERSION = YES;
				GCC_WARN_ABOUT_RETURN_TYPE = YES_ERROR;
				GCC_WARN_UNDECLARED_SELECTOR = YES;
				GCC_WARN_UNINITIALIZED_AUTOS = YES_AGGRESSIVE;
				GCC_WARN_UNUSED_FUNCTION = YES;
				GCC_WARN_UNUSED_VARIABLE = YES;
				IPHONEOS_DEPLOYMENT_TARGET = 15.2;
				MTL_ENABLE_DEBUG_INFO = NO;
				MTL_FAST_MATH = YES;
				SDKROOT = iphoneos;
				SWIFT_COMPILATION_MODE = wholemodule;
				SWIFT_OPTIMIZATION_LEVEL = "-O";
				VALIDATE_PRODUCT = YES;
			};
			name = Release;
		};
		3BE705D9280D019B003B1C6B /* Debug */ = {
			isa = XCBuildConfiguration;
			buildSettings = {
				ASSETCATALOG_COMPILER_APPICON_NAME = AppIcon;
				ASSETCATALOG_COMPILER_GLOBAL_ACCENT_COLOR_NAME = AccentColor;
				CODE_SIGN_STYLE = Automatic;
				CURRENT_PROJECT_VERSION = 1;
				DEVELOPMENT_TEAM = 8JEHPP3L74;
				GENERATE_INFOPLIST_FILE = YES;
				INFOPLIST_FILE = Quiz/Info.plist;
				INFOPLIST_KEY_UIApplicationSupportsIndirectInputEvents = YES;
				INFOPLIST_KEY_UILaunchStoryboardName = LaunchScreen;
				INFOPLIST_KEY_UIMainStoryboardFile = Main;
				INFOPLIST_KEY_UISupportedInterfaceOrientations_iPad = "UIInterfaceOrientationPortrait UIInterfaceOrientationPortraitUpsideDown UIInterfaceOrientationLandscapeLeft UIInterfaceOrientationLandscapeRight";
				INFOPLIST_KEY_UISupportedInterfaceOrientations_iPhone = "UIInterfaceOrientationPortrait UIInterfaceOrientationLandscapeLeft UIInterfaceOrientationLandscapeRight";
				LD_RUNPATH_SEARCH_PATHS = (
					"$(inherited)",
					"@executable_path/Frameworks",
				);
				MARKETING_VERSION = 1.0;
				PRODUCT_BUNDLE_IDENTIFIER = jp.wings.apps.Quiz;
				PRODUCT_NAME = "$(TARGET_NAME)";
				SWIFT_EMIT_LOC_STRINGS = YES;
				SWIFT_VERSION = 5.0;
				TARGETED_DEVICE_FAMILY = "1,2";
			};
			name = Debug;
		};
		3BE705DA280D019B003B1C6B /* Release */ = {
			isa = XCBuildConfiguration;
			buildSettings = {
				ASSETCATALOG_COMPILER_APPICON_NAME = AppIcon;
				ASSETCATALOG_COMPILER_GLOBAL_ACCENT_COLOR_NAME = AccentColor;
				CODE_SIGN_STYLE = Automatic;
				CURRENT_PROJECT_VERSION = 1;
				DEVELOPMENT_TEAM = 8JEHPP3L74;
				GENERATE_INFOPLIST_FILE = YES;
				INFOPLIST_FILE = Quiz/Info.plist;
				INFOPLIST_KEY_UIApplicationSupportsIndirectInputEvents = YES;
				INFOPLIST_KEY_UILaunchStoryboardName = LaunchScreen;
				INFOPLIST_KEY_UIMainStoryboardFile = Main;
				INFOPLIST_KEY_UISupportedInterfaceOrientations_iPad = "UIInterfaceOrientationPortrait UIInterfaceOrientationPortraitUpsideDown UIInterfaceOrientationLandscapeLeft UIInterfaceOrientationLandscapeRight";
				INFOPLIST_KEY_UISupportedInterfaceOrientations_iPhone = "UIInterfaceOrientationPortrait UIInterfaceOrientationLandscapeLeft UIInterfaceOrientationLandscapeRight";
				LD_RUNPATH_SEARCH_PATHS = (
					"$(inherited)",
					"@executable_path/Frameworks",
				);
				MARKETING_VERSION = 1.0;
				PRODUCT_BUNDLE_IDENTIFIER = jp.wings.apps.Quiz;
				PRODUCT_NAME = "$(TARGET_NAME)";
				SWIFT_EMIT_LOC_STRINGS = YES;
				SWIFT_VERSION = 5.0;
				TARGETED_DEVICE_FAMILY = "1,2";
			};
			name = Release;
		};
/* End XCBuildConfiguration section */

/* Begin XCConfigurationList section */
		3BE705BF280D019A003B1C6B /* Build configuration list for PBXProject "Quiz" */ = {
			isa = XCConfigurationList;
			buildConfigurations = (
				3BE705D6280D019B003B1C6B /* Debug */,
				3BE705D7280D019B003B1C6B /* Release */,
			);
			defaultConfigurationIsVisible = 0;
			defaultConfigurationName = Release;
		};
		3BE705D8280D019B003B1C6B /* Build configuration list for PBXNativeTarget "Quiz" */ = {
			isa = XCConfigurationList;
			buildConfigurations = (
				3BE705D9280D019B003B1C6B /* Debug */,
				3BE705DA280D019B003B1C6B /* Release */,
			);
			defaultConfigurationIsVisible = 0;
			defaultConfigurationName = Release;
		};
/* End XCConfigurationList section */
	};
	rootObject = 3BE705BC280D019A003B1C6B /* Project object */;
}
